{
  "version": 4,
  "terraform_version": "1.4.2",
  "serial": 2,
  "lineage": "03821af7-90fa-03dd-d417-3d6ef46f06b7",
  "outputs": {},
  "resources": [
    {
      "mode": "managed",
      "type": "azurerm_resource_group",
      "name": "main",
      "provider": "provider[\"registry.terraform.io/hashicorp/azurerm\"]",
      "instances": [
        {
          "schema_version": 0,
          "attributes": {
            "id": "/subscriptions/9c1597b0-2032-4a42-bc73-ebe5c602b9cb/resourceGroups/Azuredevops",
            "location": "eastus",
            "name": "Azuredevops",
            "tags": {
              "DeploymentId": "228622",
              "LaunchId": "1359",
              "LaunchType": "ON_DEMAND_LAB",
              "TemplateId": "1181",
              "TenantId": "none"
            },
            "timeouts": {
              "create": null,
              "delete": null,
              "read": null,
              "update": null
            }
          },
          "sensitive_attributes": [],
          "private": "eyJlMmJmYjczMC1lY2FhLTExZTYtOGY4OC0zNDM2M2JjN2M0YzAiOnsiY3JlYXRlIjo1NDAwMDAwMDAwMDAwLCJkZWxldGUiOjU0MDAwMDAwMDAwMDAsInJlYWQiOjMwMDAwMDAwMDAwMCwidXBkYXRlIjo1NDAwMDAwMDAwMDAwfSwic2NoZW1hX3ZlcnNpb24iOiIwIn0="
        }
      ]
    }
  ],
  "check_results": null
}
